
Microsoft Visual Studio Solution File, Format Version 12.00
# Visual Studio Version 17
VisualStudioVersion = 17.7.34009.444
MinimumVisualStudioVersion = 10.0.40219.1
Project("{9A19103F-16F7-4668-BE54-9A1E7A4F7556}") = "DesignPattern.ChainOfResponsibility", "DesignPattern.ChainOfResponsibility\DesignPattern.ChainOfResponsibility.csproj", "{225F7947-96EA-4ACA-9705-44A9794952E4}"
EndProject
Project("{9A19103F-16F7-4668-BE54-9A1E7A4F7556}") = "DesignPattern.TemplateMethod", "DesignPattern.TemplateMethod\DesignPattern.TemplateMethod.csproj", "{872220AF-9921-4783-9041-9FDB01B99959}"
EndProject
Project("{9A19103F-16F7-4668-BE54-9A1E7A4F7556}") = "DesignPattern.CQRS", "DesignPattern.CQRS\DesignPattern.CQRS.csproj", "{66686A57-7097-43BB-B911-B3500E1FC8E7}"
EndProject
Project("{9A19103F-16F7-4668-BE54-9A1E7A4F7556}") = "DesignPattern.Mediator", "DesignPattern.Mediator\DesignPattern.Mediator.csproj", "{94F5E72B-75EA-4156-B081-76516EAB3B99}"
EndProject
Project("{FAE04EC0-301F-11D3-BF4B-00C04F79EFBC}") = "DesignPattern.Observe", "DesignPattern.Observe\DesignPattern.Observe.csproj", "{91782957-6879-4033-ADD8-503C5A5D5C23}"
EndProject
Global
	GlobalSection(SolutionConfigurationPlatforms) = preSolution
		Debug|Any CPU = Debug|Any CPU
		Release|Any CPU = Release|Any CPU
	EndGlobalSection
	GlobalSection(ProjectConfigurationPlatforms) = postSolution
		{225F7947-96EA-4ACA-9705-44A9794952E4}.Debug|Any CPU.ActiveCfg = Debug|Any CPU
		{225F7947-96EA-4ACA-9705-44A9794952E4}.Debug|Any CPU.Build.0 = Debug|Any CPU
		{225F7947-96EA-4ACA-9705-44A9794952E4}.Release|Any CPU.ActiveCfg = Release|Any CPU
		{225F7947-96EA-4ACA-9705-44A9794952E4}.Release|Any CPU.Build.0 = Release|Any CPU
		{872220AF-9921-4783-9041-9FDB01B99959}.Debug|Any CPU.ActiveCfg = Debug|Any CPU
		{872220AF-9921-4783-9041-9FDB01B99959}.Debug|Any CPU.Build.0 = Debug|Any CPU
		{872220AF-9921-4783-9041-9FDB01B99959}.Release|Any CPU.ActiveCfg = Release|Any CPU
		{872220AF-9921-4783-9041-9FDB01B99959}.Release|Any CPU.Build.0 = Release|Any CPU
		{66686A57-7097-43BB-B911-B3500E1FC8E7}.Debug|Any CPU.ActiveCfg = Debug|Any CPU
		{66686A57-7097-43BB-B911-B3500E1FC8E7}.Debug|Any CPU.Build.0 = Debug|Any CPU
		{66686A57-7097-43BB-B911-B3500E1FC8E7}.Release|Any CPU.ActiveCfg = Release|Any CPU
		{66686A57-7097-43BB-B911-B3500E1FC8E7}.Release|Any CPU.Build.0 = Release|Any CPU
		{94F5E72B-75EA-4156-B081-76516EAB3B99}.Debug|Any CPU.ActiveCfg = Debug|Any CPU
		{94F5E72B-75EA-4156-B081-76516EAB3B99}.Debug|Any CPU.Build.0 = Debug|Any CPU
		{94F5E72B-75EA-4156-B081-76516EAB3B99}.Release|Any CPU.ActiveCfg = Release|Any CPU
		{94F5E72B-75EA-4156-B081-76516EAB3B99}.Release|Any CPU.Build.0 = Release|Any CPU
		{91782957-6879-4033-ADD8-503C5A5D5C23}.Debug|Any CPU.ActiveCfg = Debug|Any CPU
		{91782957-6879-4033-ADD8-503C5A5D5C23}.Debug|Any CPU.Build.0 = Debug|Any CPU
		{91782957-6879-4033-ADD8-503C5A5D5C23}.Release|Any CPU.ActiveCfg = Release|Any CPU
		{91782957-6879-4033-ADD8-503C5A5D5C23}.Release|Any CPU.Build.0 = Release|Any CPU
	EndGlobalSection
	GlobalSection(SolutionProperties) = preSolution
		HideSolutionNode = FALSE
	EndGlobalSection
	GlobalSection(ExtensibilityGlobals) = postSolution
		SolutionGuid = {730E5404-00F8-49AD-BF59-E09B47463C12}
	EndGlobalSection
EndGlobal
